
Microsoft Visual Studio Solution File, Format Version 12.00
# Visual Studio Version 17
VisualStudioVersion = 17.3.32922.545
MinimumVisualStudioVersion = 10.0.40219.1
Project("{FAE04EC0-301F-11D3-BF4B-00C04F79EFBC}") = "CustomControl", "CustomControl\CustomControl.csproj", "{7C8B039A-BAAD-4C41-A8AD-17623A56F983}"
EndProject
Global
	GlobalSection(SolutionConfigurationPlatforms) = preSolution
		Debug|Any CPU = Debug|Any CPU
		Release|Any CPU = Release|Any CPU
	EndGlobalSection
	GlobalSection(ProjectConfigurationPlatforms) = postSolution
		{7C8B039A-BAAD-4C41-A8AD-17623A56F983}.Debug|Any CPU.ActiveCfg = Debug|Any CPU
		{7C8B039A-BAAD-4C41-A8AD-17623A56F983}.Debug|Any CPU.Build.0 = Debug|Any CPU
		{7C8B039A-BAAD-4C41-A8AD-17623A56F983}.Release|Any CPU.ActiveCfg = Release|Any CPU
		{7C8B039A-BAAD-4C41-A8AD-17623A56F983}.Release|Any CPU.Build.0 = Release|Any CPU
	EndGlobalSection
	GlobalSection(SolutionProperties) = preSolution
		HideSolutionNode = FALSE
	EndGlobalSection
	GlobalSection(ExtensibilityGlobals) = postSolution
		SolutionGuid = {82B5EC7D-155D-4F71-A787-690D014B13B7}
	EndGlobalSection
EndGlobal
